
Microsoft Visual Studio Solution File, Format Version 12.00
Project("{FAE04EC0-301F-11D3-BF4B-00C04F79EFBC}") = "WebApi", "WebApi\WebApi.csproj", "{93803A26-662C-443E-8FB3-151A01859AD7}"
EndProject
Project("{2150E333-8FDC-42A3-9474-1A3956D46DE8}") = "1-WebApi", "1-WebApi", "{54BEFB24-88F2-4A41-9366-DFF389432D91}"
EndProject
Project("{2150E333-8FDC-42A3-9474-1A3956D46DE8}") = "2-Application", "2-Application", "{79731BB2-DF18-4D5B-940F-78077A4A11EE}"
EndProject
Project("{2150E333-8FDC-42A3-9474-1A3956D46DE8}") = "3-Domain", "3-Domain", "{F9F902F4-35D6-47D2-9813-C26CE1119DC4}"
EndProject
Project("{2150E333-8FDC-42A3-9474-1A3956D46DE8}") = "4-Infra", "4-Infra", "{67117246-AAB6-4067-80C5-5B775A608F7D}"
EndProject
Project("{FAE04EC0-301F-11D3-BF4B-00C04F79EFBC}") = "Application", "Application\Application.csproj", "{A4C69B06-44D4-4F23-AAD1-AFC603F59D41}"
EndProject
Project("{FAE04EC0-301F-11D3-BF4B-00C04F79EFBC}") = "Domain", "Domain\Domain.csproj", "{D390B4E1-6FA4-40A2-964B-9FBF682AA0C7}"
EndProject
Project("{FAE04EC0-301F-11D3-BF4B-00C04F79EFBC}") = "Infra", "Infra\Infra.csproj", "{34564C8F-731F-4F99-B7EF-2211949DC3E3}"
EndProject
Global
	GlobalSection(SolutionConfigurationPlatforms) = preSolution
		Debug|Any CPU = Debug|Any CPU
		Release|Any CPU = Release|Any CPU
	EndGlobalSection
	GlobalSection(ProjectConfigurationPlatforms) = postSolution
		{93803A26-662C-443E-8FB3-151A01859AD7}.Debug|Any CPU.ActiveCfg = Debug|Any CPU
		{93803A26-662C-443E-8FB3-151A01859AD7}.Debug|Any CPU.Build.0 = Debug|Any CPU
		{93803A26-662C-443E-8FB3-151A01859AD7}.Release|Any CPU.ActiveCfg = Release|Any CPU
		{93803A26-662C-443E-8FB3-151A01859AD7}.Release|Any CPU.Build.0 = Release|Any CPU
		{A4C69B06-44D4-4F23-AAD1-AFC603F59D41}.Debug|Any CPU.ActiveCfg = Debug|Any CPU
		{A4C69B06-44D4-4F23-AAD1-AFC603F59D41}.Debug|Any CPU.Build.0 = Debug|Any CPU
		{A4C69B06-44D4-4F23-AAD1-AFC603F59D41}.Release|Any CPU.ActiveCfg = Release|Any CPU
		{A4C69B06-44D4-4F23-AAD1-AFC603F59D41}.Release|Any CPU.Build.0 = Release|Any CPU
		{D390B4E1-6FA4-40A2-964B-9FBF682AA0C7}.Debug|Any CPU.ActiveCfg = Debug|Any CPU
		{D390B4E1-6FA4-40A2-964B-9FBF682AA0C7}.Debug|Any CPU.Build.0 = Debug|Any CPU
		{D390B4E1-6FA4-40A2-964B-9FBF682AA0C7}.Release|Any CPU.ActiveCfg = Release|Any CPU
		{D390B4E1-6FA4-40A2-964B-9FBF682AA0C7}.Release|Any CPU.Build.0 = Release|Any CPU
		{34564C8F-731F-4F99-B7EF-2211949DC3E3}.Debug|Any CPU.ActiveCfg = Debug|Any CPU
		{34564C8F-731F-4F99-B7EF-2211949DC3E3}.Debug|Any CPU.Build.0 = Debug|Any CPU
		{34564C8F-731F-4F99-B7EF-2211949DC3E3}.Release|Any CPU.ActiveCfg = Release|Any CPU
		{34564C8F-731F-4F99-B7EF-2211949DC3E3}.Release|Any CPU.Build.0 = Release|Any CPU
	EndGlobalSection
	GlobalSection(NestedProjects) = preSolution
		{93803A26-662C-443E-8FB3-151A01859AD7} = {54BEFB24-88F2-4A41-9366-DFF389432D91}
		{A4C69B06-44D4-4F23-AAD1-AFC603F59D41} = {79731BB2-DF18-4D5B-940F-78077A4A11EE}
		{D390B4E1-6FA4-40A2-964B-9FBF682AA0C7} = {F9F902F4-35D6-47D2-9813-C26CE1119DC4}
		{34564C8F-731F-4F99-B7EF-2211949DC3E3} = {67117246-AAB6-4067-80C5-5B775A608F7D}
	EndGlobalSection
EndGlobal
